
Microsoft Visual Studio Solution File, Format Version 12.00
# Visual Studio Version 16
VisualStudioVersion = 16.0.31829.152
MinimumVisualStudioVersion = 10.0.40219.1
Project("{FAE04EC0-301F-11D3-BF4B-00C04F79EFBC}") = "Factory2", "Factory2\Factory2.csproj", "{7F46D8D7-927F-40E9-BB66-E524064A9A0A}"
EndProject
Global
	GlobalSection(SolutionConfigurationPlatforms) = preSolution
		Debug|Any CPU = Debug|Any CPU
		Release|Any CPU = Release|Any CPU
	EndGlobalSection
	GlobalSection(ProjectConfigurationPlatforms) = postSolution
		{7F46D8D7-927F-40E9-BB66-E524064A9A0A}.Debug|Any CPU.ActiveCfg = Debug|Any CPU
		{7F46D8D7-927F-40E9-BB66-E524064A9A0A}.Debug|Any CPU.Build.0 = Debug|Any CPU
		{7F46D8D7-927F-40E9-BB66-E524064A9A0A}.Release|Any CPU.ActiveCfg = Release|Any CPU
		{7F46D8D7-927F-40E9-BB66-E524064A9A0A}.Release|Any CPU.Build.0 = Release|Any CPU
	EndGlobalSection
	GlobalSection(SolutionProperties) = preSolution
		HideSolutionNode = FALSE
	EndGlobalSection
	GlobalSection(ExtensibilityGlobals) = postSolution
		SolutionGuid = {7C31AD7D-7867-46EA-B097-FD027C5979EE}
	EndGlobalSection
EndGlobal
