
Microsoft Visual Studio Solution File, Format Version 12.00
# Visual Studio Version 16
VisualStudioVersion = 16.0.31829.152
MinimumVisualStudioVersion = 10.0.40219.1
Project("{FAE04EC0-301F-11D3-BF4B-00C04F79EFBC}") = "AsynchronousFactoryMethod", "AsynchronousFactoryMethod\AsynchronousFactoryMethod.csproj", "{AC533720-5797-40C1-A3CC-F766B921066C}"
EndProject
Global
	GlobalSection(SolutionConfigurationPlatforms) = preSolution
		Debug|Any CPU = Debug|Any CPU
		Release|Any CPU = Release|Any CPU
	EndGlobalSection
	GlobalSection(ProjectConfigurationPlatforms) = postSolution
		{AC533720-5797-40C1-A3CC-F766B921066C}.Debug|Any CPU.ActiveCfg = Debug|Any CPU
		{AC533720-5797-40C1-A3CC-F766B921066C}.Debug|Any CPU.Build.0 = Debug|Any CPU
		{AC533720-5797-40C1-A3CC-F766B921066C}.Release|Any CPU.ActiveCfg = Release|Any CPU
		{AC533720-5797-40C1-A3CC-F766B921066C}.Release|Any CPU.Build.0 = Release|Any CPU
	EndGlobalSection
	GlobalSection(SolutionProperties) = preSolution
		HideSolutionNode = FALSE
	EndGlobalSection
	GlobalSection(ExtensibilityGlobals) = postSolution
		SolutionGuid = {DD8E96C5-FEEA-48ED-8B80-B8F4D89DBFE5}
	EndGlobalSection
EndGlobal
