
Microsoft Visual Studio Solution File, Format Version 12.00
# Visual Studio Version 16
VisualStudioVersion = 16.0.31829.152
MinimumVisualStudioVersion = 10.0.40219.1
Project("{FAE04EC0-301F-11D3-BF4B-00C04F79EFBC}") = "Prototype2", "Prototype2\Prototype2.csproj", "{CA14C6AD-E2FB-459A-8562-D75D732038DD}"
EndProject
Global
	GlobalSection(SolutionConfigurationPlatforms) = preSolution
		Debug|Any CPU = Debug|Any CPU
		Release|Any CPU = Release|Any CPU
	EndGlobalSection
	GlobalSection(ProjectConfigurationPlatforms) = postSolution
		{CA14C6AD-E2FB-459A-8562-D75D732038DD}.Debug|Any CPU.ActiveCfg = Debug|Any CPU
		{CA14C6AD-E2FB-459A-8562-D75D732038DD}.Debug|Any CPU.Build.0 = Debug|Any CPU
		{CA14C6AD-E2FB-459A-8562-D75D732038DD}.Release|Any CPU.ActiveCfg = Release|Any CPU
		{CA14C6AD-E2FB-459A-8562-D75D732038DD}.Release|Any CPU.Build.0 = Release|Any CPU
	EndGlobalSection
	GlobalSection(SolutionProperties) = preSolution
		HideSolutionNode = FALSE
	EndGlobalSection
	GlobalSection(ExtensibilityGlobals) = postSolution
		SolutionGuid = {4C8F1330-E682-4DC8-BC31-5B7D8E13318A}
	EndGlobalSection
EndGlobal
