
Microsoft Visual Studio Solution File, Format Version 12.00
# Visual Studio Version 16
VisualStudioVersion = 16.0.31829.152
MinimumVisualStudioVersion = 10.0.40219.1
Project("{FAE04EC0-301F-11D3-BF4B-00C04F79EFBC}") = "Adapter3", "Adapter3\Adapter3.csproj", "{1106A616-B9DF-46AC-9321-EF9F5C9C317C}"
EndProject
Global
	GlobalSection(SolutionConfigurationPlatforms) = preSolution
		Debug|Any CPU = Debug|Any CPU
		Release|Any CPU = Release|Any CPU
	EndGlobalSection
	GlobalSection(ProjectConfigurationPlatforms) = postSolution
		{1106A616-B9DF-46AC-9321-EF9F5C9C317C}.Debug|Any CPU.ActiveCfg = Debug|Any CPU
		{1106A616-B9DF-46AC-9321-EF9F5C9C317C}.Debug|Any CPU.Build.0 = Debug|Any CPU
		{1106A616-B9DF-46AC-9321-EF9F5C9C317C}.Release|Any CPU.ActiveCfg = Release|Any CPU
		{1106A616-B9DF-46AC-9321-EF9F5C9C317C}.Release|Any CPU.Build.0 = Release|Any CPU
	EndGlobalSection
	GlobalSection(SolutionProperties) = preSolution
		HideSolutionNode = FALSE
	EndGlobalSection
	GlobalSection(ExtensibilityGlobals) = postSolution
		SolutionGuid = {CFD83FA1-D801-4D07-98FE-77C235B7673B}
	EndGlobalSection
EndGlobal
