
Microsoft Visual Studio Solution File, Format Version 12.00
# Visual Studio Version 16
VisualStudioVersion = 16.0.31829.152
MinimumVisualStudioVersion = 10.0.40219.1
Project("{FAE04EC0-301F-11D3-BF4B-00C04F79EFBC}") = "Prototype3", "Prototype3\Prototype3.csproj", "{80A8BE56-B561-4F75-8915-6008422ED34D}"
EndProject
Global
	GlobalSection(SolutionConfigurationPlatforms) = preSolution
		Debug|Any CPU = Debug|Any CPU
		Release|Any CPU = Release|Any CPU
	EndGlobalSection
	GlobalSection(ProjectConfigurationPlatforms) = postSolution
		{80A8BE56-B561-4F75-8915-6008422ED34D}.Debug|Any CPU.ActiveCfg = Debug|Any CPU
		{80A8BE56-B561-4F75-8915-6008422ED34D}.Debug|Any CPU.Build.0 = Debug|Any CPU
		{80A8BE56-B561-4F75-8915-6008422ED34D}.Release|Any CPU.ActiveCfg = Release|Any CPU
		{80A8BE56-B561-4F75-8915-6008422ED34D}.Release|Any CPU.Build.0 = Release|Any CPU
	EndGlobalSection
	GlobalSection(SolutionProperties) = preSolution
		HideSolutionNode = FALSE
	EndGlobalSection
	GlobalSection(ExtensibilityGlobals) = postSolution
		SolutionGuid = {F0DBA71E-8936-487E-B582-96D5AE3E4B69}
	EndGlobalSection
EndGlobal
